{
  "nodes": {
    "haskell-gi": {
      "flake": false,
      "locked": {
        "lastModified": 1687112593,
        "narHash": "sha256-Chko5aTV1+SNKm04fzvmwT0SkBD408l+r9lQQdT3LXg=",
        "owner": "haskell-gi",
        "repo": "haskell-gi",
        "rev": "f950d16f5a7a1a7edf9d0a809ca14d158191f832",
        "type": "github"
      },
      "original": {
        "owner": "haskell-gi",
        "repo": "haskell-gi",
        "type": "github"
      }
    },
    "nixpkgs": {
      "locked": {
        "lastModified": 1687376262,
        "narHash": "sha256-xtenf0Nc6So/5uaQqe8u3GVoAs/YdMUFsysPUuK8w1s=",
        "owner": "nixos",
        "repo": "nixpkgs",
        "rev": "7859e9c101fabbd62551b8f4260124a6e2f01a46",
        "type": "github"
      },
      "original": {
        "owner": "nixos",
        "ref": "nixos-22.11",
        "repo": "nixpkgs",
        "type": "github"
      }
    },
    "root": {
      "inputs": {
        "haskell-gi": "haskell-gi",
        "nixpkgs": "nixpkgs"
      }
    }
  },
  "root": "root",
  "version": 7
}
